// !$*UTF8*$!
{
	archiveVersion = 1;
	classes = {
	};
	objectVersion = 55;
	objects = {

/* Begin PBXBuildFile section */
		EB16E1BE290E763F00CFDFC7 /* AppDelegate.swift in Sources */ = {isa = PBXBuildFile; fileRef = EB16E1BD290E763F00CFDFC7 /* AppDelegate.swift */; };
		EB16E1C0290E763F00CFDFC7 /* SceneDelegate.swift in Sources */ = {isa = PBXBuildFile; fileRef = EB16E1BF290E763F00CFDFC7 /* SceneDelegate.swift */; };
		EB16E1C2290E763F00CFDFC7 /* ViewController.swift in Sources */ = {isa = PBXBuildFile; fileRef = EB16E1C1290E763F00CFDFC7 /* ViewController.swift */; };
		EB16E1C5290E763F00CFDFC7 /* Main.storyboard in Resources */ = {isa = PBXBuildFile; fileRef = EB16E1C3290E763F00CFDFC7 /* Main.storyboard */; };
		EB16E1C7290E764000CFDFC7 /* Assets.xcassets in Resources */ = {isa = PBXBuildFile; fileRef = EB16E1C6290E764000CFDFC7 /* Assets.xcassets */; };
		EB16E1CA290E764000CFDFC7 /* LaunchScreen.storyboard in Resources */ = {isa = PBXBuildFile; fileRef = EB16E1C8290E764000CFDFC7 /* LaunchScreen.storyboard */; };
		EB26712F290EE2E600EFBFB9 /* B.png in Resources */ = {isa = PBXBuildFile; fileRef = EB26712E290EE2E600EFBFB9 /* B.png */; };
		EB267131290FDFD500EFBFB9 /* D.png in Resources */ = {isa = PBXBuildFile; fileRef = EB267130290FDFD500EFBFB9 /* D.png */; };
		EB267133290FDFDE00EFBFB9 /* G.png in Resources */ = {isa = PBXBuildFile; fileRef = EB267132290FDFDE00EFBFB9 /* G.png */; };
		EB267135290FDFE800EFBFB9 /* J.png in Resources */ = {isa = PBXBuildFile; fileRef = EB267134290FDFE800EFBFB9 /* J.png */; };
		EB267137290FDFFA00EFBFB9 /* O.png in Resources */ = {isa = PBXBuildFile; fileRef = EB267136290FDFFA00EFBFB9 /* O.png */; };
		EB267139290FE00100EFBFB9 /* O2.jpeg in Resources */ = {isa = PBXBuildFile; fileRef = EB267138290FE00100EFBFB9 /* O2.jpeg */; };
		EB26713B290FE00A00EFBFB9 /* O3.jpeg in Resources */ = {isa = PBXBuildFile; fileRef = EB26713A290FE00A00EFBFB9 /* O3.jpeg */; };
		EB26713D2910D04300EFBFB9 /* ZoomPicViewController.swift in Sources */ = {isa = PBXBuildFile; fileRef = EB26713C2910D04300EFBFB9 /* ZoomPicViewController.swift */; };
/* End PBXBuildFile section */

/* Begin PBXFileReference section */
		EB16E1BA290E763F00CFDFC7 /* SlideshowApp.app */ = {isa = PBXFileReference; explicitFileType = wrapper.application; includeInIndex = 0; path = SlideshowApp.app; sourceTree = BUILT_PRODUCTS_DIR; };
		EB16E1BD290E763F00CFDFC7 /* AppDelegate.swift */ = {isa = PBXFileReference; lastKnownFileType = sourcecode.swift; path = AppDelegate.swift; sourceTree = "<group>"; };
		EB16E1BF290E763F00CFDFC7 /* SceneDelegate.swift */ = {isa = PBXFileReference; lastKnownFileType = sourcecode.swift; path = SceneDelegate.swift; sourceTree = "<group>"; };
		EB16E1C1290E763F00CFDFC7 /* ViewController.swift */ = {isa = PBXFileReference; lastKnownFileType = sourcecode.swift; path = ViewController.swift; sourceTree = "<group>"; };
		EB16E1C4290E763F00CFDFC7 /* Base */ = {isa = PBXFileReference; lastKnownFileType = file.storyboard; name = Base; path = Base.lproj/Main.storyboard; sourceTree = "<group>"; };
		EB16E1C6290E764000CFDFC7 /* Assets.xcassets */ = {isa = PBXFileReference; lastKnownFileType = folder.assetcatalog; path = Assets.xcassets; sourceTree = "<group>"; };
		EB16E1C9290E764000CFDFC7 /* Base */ = {isa = PBXFileReference; lastKnownFileType = file.storyboard; name = Base; path = Base.lproj/LaunchScreen.storyboard; sourceTree = "<group>"; };
		EB16E1CB290E764000CFDFC7 /* Info.plist */ = {isa = PBXFileReference; lastKnownFileType = text.plist.xml; path = Info.plist; sourceTree = "<group>"; };
		EB26712E290EE2E600EFBFB9 /* B.png */ = {isa = PBXFileReference; lastKnownFileType = image.png; name = B.png; path = pics/B.png; sourceTree = SOURCE_ROOT; };
		EB267130290FDFD500EFBFB9 /* D.png */ = {isa = PBXFileReference; lastKnownFileType = image.png; name = D.png; path = pics/D.png; sourceTree = SOURCE_ROOT; };
		EB267132290FDFDE00EFBFB9 /* G.png */ = {isa = PBXFileReference; lastKnownFileType = image.png; name = G.png; path = pics/G.png; sourceTree = SOURCE_ROOT; };
		EB267134290FDFE800EFBFB9 /* J.png */ = {isa = PBXFileReference; lastKnownFileType = image.png; name = J.png; path = pics/J.png; sourceTree = SOURCE_ROOT; };
		EB267136290FDFFA00EFBFB9 /* O.png */ = {isa = PBXFileReference; lastKnownFileType = image.png; name = O.png; path = pics/O.png; sourceTree = SOURCE_ROOT; };
		EB267138290FE00100EFBFB9 /* O2.jpeg */ = {isa = PBXFileReference; lastKnownFileType = image.jpeg; name = O2.jpeg; path = pics/O2.jpeg; sourceTree = SOURCE_ROOT; };
		EB26713A290FE00A00EFBFB9 /* O3.jpeg */ = {isa = PBXFileReference; lastKnownFileType = image.jpeg; name = O3.jpeg; path = pics/O3.jpeg; sourceTree = SOURCE_ROOT; };
		EB26713C2910D04300EFBFB9 /* ZoomPicViewController.swift */ = {isa = PBXFileReference; lastKnownFileType = sourcecode.swift; path = ZoomPicViewController.swift; sourceTree = "<group>"; };
/* End PBXFileReference section */

/* Begin PBXFrameworksBuildPhase section */
		EB16E1B7290E763F00CFDFC7 /* Frameworks */ = {
			isa = PBXFrameworksBuildPhase;
			buildActionMask = 2147483647;
			files = (
			);
			runOnlyForDeploymentPostprocessing = 0;
		};
/* End PBXFrameworksBuildPhase section */

/* Begin PBXGroup section */
		EB16E1B1290E763F00CFDFC7 = {
			isa = PBXGroup;
			children = (
				EB16E1BC290E763F00CFDFC7 /* SlideshowApp */,
				EB16E1BB290E763F00CFDFC7 /* Products */,
			);
			sourceTree = "<group>";
		};
		EB16E1BB290E763F00CFDFC7 /* Products */ = {
			isa = PBXGroup;
			children = (
				EB16E1BA290E763F00CFDFC7 /* SlideshowApp.app */,
			);
			name = Products;
			sourceTree = "<group>";
		};
		EB16E1BC290E763F00CFDFC7 /* SlideshowApp */ = {
			isa = PBXGroup;
			children = (
				EB16E1BD290E763F00CFDFC7 /* AppDelegate.swift */,
				EB16E1BF290E763F00CFDFC7 /* SceneDelegate.swift */,
				EB16E1C1290E763F00CFDFC7 /* ViewController.swift */,
				EB26713C2910D04300EFBFB9 /* ZoomPicViewController.swift */,
				EB16E1C3290E763F00CFDFC7 /* Main.storyboard */,
				EB16E1C6290E764000CFDFC7 /* Assets.xcassets */,
				EB16E1C8290E764000CFDFC7 /* LaunchScreen.storyboard */,
				EB16E1CB290E764000CFDFC7 /* Info.plist */,
				EB26712E290EE2E600EFBFB9 /* B.png */,
				EB267130290FDFD500EFBFB9 /* D.png */,
				EB267132290FDFDE00EFBFB9 /* G.png */,
				EB267134290FDFE800EFBFB9 /* J.png */,
				EB267136290FDFFA00EFBFB9 /* O.png */,
				EB267138290FE00100EFBFB9 /* O2.jpeg */,
				EB26713A290FE00A00EFBFB9 /* O3.jpeg */,
			);
			path = SlideshowApp;
			sourceTree = "<group>";
		};
/* End PBXGroup section */

/* Begin PBXNativeTarget section */
		EB16E1B9290E763F00CFDFC7 /* SlideshowApp */ = {
			isa = PBXNativeTarget;
			buildConfigurationList = EB16E1CE290E764000CFDFC7 /* Build configuration list for PBXNativeTarget "SlideshowApp" */;
			buildPhases = (
				EB16E1B6290E763F00CFDFC7 /* Sources */,
				EB16E1B7290E763F00CFDFC7 /* Frameworks */,
				EB16E1B8290E763F00CFDFC7 /* Resources */,
			);
			buildRules = (
			);
			dependencies = (
			);
			name = SlideshowApp;
			productName = SlideshowApp;
			productReference = EB16E1BA290E763F00CFDFC7 /* SlideshowApp.app */;
			productType = "com.apple.product-type.application";
		};
/* End PBXNativeTarget section */

/* Begin PBXProject section */
		EB16E1B2290E763F00CFDFC7 /* Project object */ = {
			isa = PBXProject;
			attributes = {
				BuildIndependentTargetsInParallel = 1;
				LastSwiftUpdateCheck = 1310;
				LastUpgradeCheck = 1310;
				TargetAttributes = {
					EB16E1B9290E763F00CFDFC7 = {
						CreatedOnToolsVersion = 13.1;
					};
				};
			};
			buildConfigurationList = EB16E1B5290E763F00CFDFC7 /* Build configuration list for PBXProject "SlideshowApp" */;
			compatibilityVersion = "Xcode 13.0";
			developmentRegion = en;
			hasScannedForEncodings = 0;
			knownRegions = (
				en,
				Base,
			);
			mainGroup = EB16E1B1290E763F00CFDFC7;
			productRefGroup = EB16E1BB290E763F00CFDFC7 /* Products */;
			projectDirPath = "";
			projectRoot = "";
			targets = (
				EB16E1B9290E763F00CFDFC7 /* SlideshowApp */,
			);
		};
/* End PBXProject section */

/* Begin PBXResourcesBuildPhase section */
		EB16E1B8290E763F00CFDFC7 /* Resources */ = {
			isa = PBXResourcesBuildPhase;
			buildActionMask = 2147483647;
			files = (
				EB16E1CA290E764000CFDFC7 /* LaunchScreen.storyboard in Resources */,
				EB267131290FDFD500EFBFB9 /* D.png in Resources */,
				EB16E1C7290E764000CFDFC7 /* Assets.xcassets in Resources */,
				EB267133290FDFDE00EFBFB9 /* G.png in Resources */,
				EB267135290FDFE800EFBFB9 /* J.png in Resources */,
				EB26713B290FE00A00EFBFB9 /* O3.jpeg in Resources */,
				EB26712F290EE2E600EFBFB9 /* B.png in Resources */,
				EB267139290FE00100EFBFB9 /* O2.jpeg in Resources */,
				EB16E1C5290E763F00CFDFC7 /* Main.storyboard in Resources */,
				EB267137290FDFFA00EFBFB9 /* O.png in Resources */,
			);
			runOnlyForDeploymentPostprocessing = 0;
		};
/* End PBXResourcesBuildPhase section */

/* Begin PBXSourcesBuildPhase section */
		EB16E1B6290E763F00CFDFC7 /* Sources */ = {
			isa = PBXSourcesBuildPhase;
			buildActionMask = 2147483647;
			files = (
				EB16E1C2290E763F00CFDFC7 /* ViewController.swift in Sources */,
				EB16E1BE290E763F00CFDFC7 /* AppDelegate.swift in Sources */,
				EB26713D2910D04300EFBFB9 /* ZoomPicViewController.swift in Sources */,
				EB16E1C0290E763F00CFDFC7 /* SceneDelegate.swift in Sources */,
			);
			runOnlyForDeploymentPostprocessing = 0;
		};
/* End PBXSourcesBuildPhase section */

/* Begin PBXVariantGroup section */
		EB16E1C3290E763F00CFDFC7 /* Main.storyboard */ = {
			isa = PBXVariantGroup;
			children = (
				EB16E1C4290E763F00CFDFC7 /* Base */,
			);
			name = Main.storyboard;
			sourceTree = "<group>";
		};
		EB16E1C8290E764000CFDFC7 /* LaunchScreen.storyboard */ = {
			isa = PBXVariantGroup;
			children = (
				EB16E1C9290E764000CFDFC7 /* Base */,
			);
			name = LaunchScreen.storyboard;
			sourceTree = "<group>";
		};
/* End PBXVariantGroup section */

/* Begin XCBuildConfiguration section */
		EB16E1CC290E764000CFDFC7 /* Debug */ = {
			isa = XCBuildConfiguration;
			buildSettings = {
				ALWAYS_SEARCH_USER_PATHS = NO;
				CLANG_ANALYZER_NONNULL = YES;
				CLANG_ANALYZER_NUMBER_OBJECT_CONVERSION = YES_AGGRESSIVE;
				CLANG_CXX_LANGUAGE_STANDARD = "gnu++17";
				CLANG_CXX_LIBRARY = "libc++";
				CLANG_ENABLE_MODULES = YES;
				CLANG_ENABLE_OBJC_ARC = YES;
				CLANG_ENABLE_OBJC_WEAK = YES;
				CLANG_WARN_BLOCK_CAPTURE_AUTORELEASING = YES;
				CLANG_WARN_BOOL_CONVERSION = YES;
				CLANG_WARN_COMMA = YES;
				CLANG_WARN_CONSTANT_CONVERSION = YES;
				CLANG_WARN_DEPRECATED_OBJC_IMPLEMENTATIONS = YES;
				CLANG_WARN_DIRECT_OBJC_ISA_USAGE = YES_ERROR;
				CLANG_WARN_DOCUMENTATION_COMMENTS = YES;
				CLANG_WARN_EMPTY_BODY = YES;
				CLANG_WARN_ENUM_CONVERSION = YES;
				CLANG_WARN_INFINITE_RECURSION = YES;
				CLANG_WARN_INT_CONVERSION = YES;
				CLANG_WARN_NON_LITERAL_NULL_CONVERSION = YES;
				CLANG_WARN_OBJC_IMPLICIT_RETAIN_SELF = YES;
				CLANG_WARN_OBJC_LITERAL_CONVERSION = YES;
				CLANG_WARN_OBJC_ROOT_CLASS = YES_ERROR;
				CLANG_WARN_QUOTED_INCLUDE_IN_FRAMEWORK_HEADER = YES;
				CLANG_WARN_RANGE_LOOP_ANALYSIS = YES;
				CLANG_WARN_STRICT_PROTOTYPES = YES;
				CLANG_WARN_SUSPICIOUS_MOVE = YES;
				CLANG_WARN_UNGUARDED_AVAILABILITY = YES_AGGRESSIVE;
				CLANG_WARN_UNREACHABLE_CODE = YES;
				CLANG_WARN__DUPLICATE_METHOD_MATCH = YES;
				COPY_PHASE_STRIP = NO;
				DEBUG_INFORMATION_FORMAT = dwarf;
				ENABLE_STRICT_OBJC_MSGSEND = YES;
				ENABLE_TESTABILITY = YES;
				GCC_C_LANGUAGE_STANDARD = gnu11;
				GCC_DYNAMIC_NO_PIC = NO;
				GCC_NO_COMMON_BLOCKS = YES;
				GCC_OPTIMIZATION_LEVEL = 0;
				GCC_PREPROCESSOR_DEFINITIONS = (
					"DEBUG=1",
					"$(inherited)",
				);
				GCC_WARN_64_TO_32_BIT_CONVERSION = YES;
				GCC_WARN_ABOUT_RETURN_TYPE = YES_ERROR;
				GCC_WARN_UNDECLARED_SELECTOR = YES;
				GCC_WARN_UNINITIALIZED_AUTOS = YES_AGGRESSIVE;
				GCC_WARN_UNUSED_FUNCTION = YES;
				GCC_WARN_UNUSED_VARIABLE = YES;
				IPHONEOS_DEPLOYMENT_TARGET = 15.0;
				MTL_ENABLE_DEBUG_INFO = INCLUDE_SOURCE;
				MTL_FAST_MATH = YES;
				ONLY_ACTIVE_ARCH = YES;
				SDKROOT = iphoneos;
				SWIFT_ACTIVE_COMPILATION_CONDITIONS = DEBUG;
				SWIFT_OPTIMIZATION_LEVEL = "-Onone";
			};
			name = Debug;
		};
		EB16E1CD290E764000CFDFC7 /* Release */ = {
			isa = XCBuildConfiguration;
			buildSettings = {
				ALWAYS_SEARCH_USER_PATHS = NO;
				CLANG_ANALYZER_NONNULL = YES;
				CLANG_ANALYZER_NUMBER_OBJECT_CONVERSION = YES_AGGRESSIVE;
				CLANG_CXX_LANGUAGE_STANDARD = "gnu++17";
				CLANG_CXX_LIBRARY = "libc++";
				CLANG_ENABLE_MODULES = YES;
				CLANG_ENABLE_OBJC_ARC = YES;
				CLANG_ENABLE_OBJC_WEAK = YES;
				CLANG_WARN_BLOCK_CAPTURE_AUTORELEASING = YES;
				CLANG_WARN_BOOL_CONVERSION = YES;
				CLANG_WARN_COMMA = YES;
				CLANG_WARN_CONSTANT_CONVERSION = YES;
				CLANG_WARN_DEPRECATED_OBJC_IMPLEMENTATIONS = YES;
				CLANG_WARN_DIRECT_OBJC_ISA_USAGE = YES_ERROR;
				CLANG_WARN_DOCUMENTATION_COMMENTS = YES;
				CLANG_WARN_EMPTY_BODY = YES;
				CLANG_WARN_ENUM_CONVERSION = YES;
				CLANG_WARN_INFINITE_RECURSION = YES;
				CLANG_WARN_INT_CONVERSION = YES;
				CLANG_WARN_NON_LITERAL_NULL_CONVERSION = YES;
				CLANG_WARN_OBJC_IMPLICIT_RETAIN_SELF = YES;
				CLANG_WARN_OBJC_LITERAL_CONVERSION = YES;
				CLANG_WARN_OBJC_ROOT_CLASS = YES_ERROR;
				CLANG_WARN_QUOTED_INCLUDE_IN_FRAMEWORK_HEADER = YES;
				CLANG_WARN_RANGE_LOOP_ANALYSIS = YES;
				CLANG_WARN_STRICT_PROTOTYPES = YES;
				CLANG_WARN_SUSPICIOUS_MOVE = YES;
				CLANG_WARN_UNGUARDED_AVAILABILITY = YES_AGGRESSIVE;
				CLANG_WARN_UNREACHABLE_CODE = YES;
				CLANG_WARN__DUPLICATE_METHOD_MATCH = YES;
				COPY_PHASE_STRIP = NO;
				DEBUG_INFORMATION_FORMAT = "dwarf-with-dsym";
				ENABLE_NS_ASSERTIONS = NO;
				ENABLE_STRICT_OBJC_MSGSEND = YES;
				GCC_C_LANGUAGE_STANDARD = gnu11;
				GCC_NO_COMMON_BLOCKS = YES;
				GCC_WARN_64_TO_32_BIT_CONVERSION = YES;
				GCC_WARN_ABOUT_RETURN_TYPE = YES_ERROR;
				GCC_WARN_UNDECLARED_SELECTOR = YES;
				GCC_WARN_UNINITIALIZED_AUTOS = YES_AGGRESSIVE;
				GCC_WARN_UNUSED_FUNCTION = YES;
				GCC_WARN_UNUSED_VARIABLE = YES;
				IPHONEOS_DEPLOYMENT_TARGET = 15.0;
				MTL_ENABLE_DEBUG_INFO = NO;
				MTL_FAST_MATH = YES;
				SDKROOT = iphoneos;
				SWIFT_COMPILATION_MODE = wholemodule;
				SWIFT_OPTIMIZATION_LEVEL = "-O";
				VALIDATE_PRODUCT = YES;
			};
			name = Release;
		};
		EB16E1CF290E764000CFDFC7 /* Debug */ = {
			isa = XCBuildConfiguration;
			buildSettings = {
				ASSETCATALOG_COMPILER_APPICON_NAME = AppIcon;
				ASSETCATALOG_COMPILER_GLOBAL_ACCENT_COLOR_NAME = AccentColor;
				CODE_SIGN_STYLE = Automatic;
				CURRENT_PROJECT_VERSION = 1;
				DEVELOPMENT_TEAM = 8AVAU3YFL2;
				GENERATE_INFOPLIST_FILE = YES;
				INFOPLIST_FILE = SlideshowApp/Info.plist;
				INFOPLIST_KEY_UIApplicationSupportsIndirectInputEvents = YES;
				INFOPLIST_KEY_UILaunchStoryboardName = LaunchScreen;
				INFOPLIST_KEY_UIMainStoryboardFile = Main;
				INFOPLIST_KEY_UISupportedInterfaceOrientations_iPad = "UIInterfaceOrientationPortrait UIInterfaceOrientationPortraitUpsideDown UIInterfaceOrientationLandscapeLeft UIInterfaceOrientationLandscapeRight";
				INFOPLIST_KEY_UISupportedInterfaceOrientations_iPhone = "UIInterfaceOrientationPortrait UIInterfaceOrientationLandscapeLeft UIInterfaceOrientationLandscapeRight";
				LD_RUNPATH_SEARCH_PATHS = (
					"$(inherited)",
					"@executable_path/Frameworks",
				);
				MARKETING_VERSION = 1.0;
				PRODUCT_BUNDLE_IDENTIFIER = "----.SlideshowApp";
				PRODUCT_NAME = "$(TARGET_NAME)";
				SWIFT_EMIT_LOC_STRINGS = YES;
				SWIFT_VERSION = 5.0;
				TARGETED_DEVICE_FAMILY = "1,2";
			};
			name = Debug;
		};
		EB16E1D0290E764000CFDFC7 /* Release */ = {
			isa = XCBuildConfiguration;
			buildSettings = {
				ASSETCATALOG_COMPILER_APPICON_NAME = AppIcon;
				ASSETCATALOG_COMPILER_GLOBAL_ACCENT_COLOR_NAME = AccentColor;
				CODE_SIGN_STYLE = Automatic;
				CURRENT_PROJECT_VERSION = 1;
				DEVELOPMENT_TEAM = 8AVAU3YFL2;
				GENERATE_INFOPLIST_FILE = YES;
				INFOPLIST_FILE = SlideshowApp/Info.plist;
				INFOPLIST_KEY_UIApplicationSupportsIndirectInputEvents = YES;
				INFOPLIST_KEY_UILaunchStoryboardName = LaunchScreen;
				INFOPLIST_KEY_UIMainStoryboardFile = Main;
				INFOPLIST_KEY_UISupportedInterfaceOrientations_iPad = "UIInterfaceOrientationPortrait UIInterfaceOrientationPortraitUpsideDown UIInterfaceOrientationLandscapeLeft UIInterfaceOrientationLandscapeRight";
				INFOPLIST_KEY_UISupportedInterfaceOrientations_iPhone = "UIInterfaceOrientationPortrait UIInterfaceOrientationLandscapeLeft UIInterfaceOrientationLandscapeRight";
				LD_RUNPATH_SEARCH_PATHS = (
					"$(inherited)",
					"@executable_path/Frameworks",
				);
				MARKETING_VERSION = 1.0;
				PRODUCT_BUNDLE_IDENTIFIER = "----.SlideshowApp";
				PRODUCT_NAME = "$(TARGET_NAME)";
				SWIFT_EMIT_LOC_STRINGS = YES;
				SWIFT_VERSION = 5.0;
				TARGETED_DEVICE_FAMILY = "1,2";
			};
			name = Release;
		};
/* End XCBuildConfiguration section */

/* Begin XCConfigurationList section */
		EB16E1B5290E763F00CFDFC7 /* Build configuration list for PBXProject "SlideshowApp" */ = {
			isa = XCConfigurationList;
			buildConfigurations = (
				EB16E1CC290E764000CFDFC7 /* Debug */,
				EB16E1CD290E764000CFDFC7 /* Release */,
			);
			defaultConfigurationIsVisible = 0;
			defaultConfigurationName = Release;
		};
		EB16E1CE290E764000CFDFC7 /* Build configuration list for PBXNativeTarget "SlideshowApp" */ = {
			isa = XCConfigurationList;
			buildConfigurations = (
				EB16E1CF290E764000CFDFC7 /* Debug */,
				EB16E1D0290E764000CFDFC7 /* Release */,
			);
			defaultConfigurationIsVisible = 0;
			defaultConfigurationName = Release;
		};
/* End XCConfigurationList section */
	};
	rootObject = EB16E1B2290E763F00CFDFC7 /* Project object */;
}
